<?xml version="1.0" encoding="utf-8"?>
<Project ToolsVersion="4.0" xmlns="http://schemas.microsoft.com/developer/msbuild/2003">
  <ItemGroup>
    <Filter Include="源文件">
      <UniqueIdentifier>{4FC737F1-C7A5-4376-A066-2A32D752A2FF}</UniqueIdentifier>
      <Extensions>cpp;c;cc;cxx;c++;cppm;ixx;def;odl;idl;hpj;bat;asm;asmx</Extensions>
    </Filter>
    <Filter Include="资源文件">
      <UniqueIdentifier>{67DA6AB6-F800-4c08-8B7A-83BB121AAD01}</UniqueIdentifier>
      <Extensions>rc;ico;cur;bmp;dlg;rc2;rct;bin;rgs;gif;jpg;jpeg;jpe;resx;tiff;tif;png;wav;mfcribbon-ms</Extensions>
    </Filter>
    <Filter Include="Top">
      <UniqueIdentifier>{88d94192-1ec0-41e8-8a43-3ae3403eb475}</UniqueIdentifier>
    </Filter>
    <Filter Include="Utility">
      <UniqueIdentifier>{42f98eaa-6a69-4425-9dfc-3811ec9dab9b}</UniqueIdentifier>
    </Filter>
  </ItemGroup>
  <ItemGroup>
    <ClCompile Include="main.c">
      <Filter>源文件</Filter>
    </ClCompile>
    <ClCompile Include="Common.c">
      <Filter>Top</Filter>
    </ClCompile>
    <ClCompile Include="Utility.c">
      <Filter>Utility</Filter>
    </ClCompile>
  </ItemGroup>
  <ItemGroup>
    <ClInclude Include="Common.h">
      <Filter>Top</Filter>
    </ClInclude>
    <ClInclude Include="Macro.h">
      <Filter>Top</Filter>
    </ClInclude>
    <ClInclude Include="TypedDefineBegin.h">
      <Filter>Top</Filter>
    </ClInclude>
    <ClInclude Include="TypedDefineEnd.h">
      <Filter>Top</Filter>
    </ClInclude>
    <ClInclude Include="Utility.h">
      <Filter>Utility</Filter>
    </ClInclude>
    <ClInclude Include="UtilityCore.h">
      <Filter>Utility</Filter>
    </ClInclude>
    <ClInclude Include="UtilityTemplate.h">
      <Filter>Utility</Filter>
    </ClInclude>
    <ClInclude Include="CompareTemplate.h">
      <Filter>Utility</Filter>
    </ClInclude>
    <ClInclude Include="Compare.h">
      <Filter>Utility</Filter>
    </ClInclude>
  </ItemGroup>
</Project>